
Microsoft Visual Studio Solution File, Format Version 12.00
# Visual Studio 15
VisualStudioVersion = 15.0.28010.2036
MinimumVisualStudioVersion = 10.0.40219.1
Project("{FAE04EC0-301F-11D3-BF4B-00C04F79EFBC}") = "Dynamic", "Dynamic\Dynamic.csproj", "{C2F95BB4-1EB2-4469-8854-08E7665D3DAF}"
EndProject
Global
	GlobalSection(SolutionConfigurationPlatforms) = preSolution
		Debug|Any CPU = Debug|Any CPU
		Release|Any CPU = Release|Any CPU
	EndGlobalSection
	GlobalSection(ProjectConfigurationPlatforms) = postSolution
		{C2F95BB4-1EB2-4469-8854-08E7665D3DAF}.Debug|Any CPU.ActiveCfg = Debug|Any CPU
		{C2F95BB4-1EB2-4469-8854-08E7665D3DAF}.Debug|Any CPU.Build.0 = Debug|Any CPU
		{C2F95BB4-1EB2-4469-8854-08E7665D3DAF}.Release|Any CPU.ActiveCfg = Release|Any CPU
		{C2F95BB4-1EB2-4469-8854-08E7665D3DAF}.Release|Any CPU.Build.0 = Release|Any CPU
	EndGlobalSection
	GlobalSection(SolutionProperties) = preSolution
		HideSolutionNode = FALSE
	EndGlobalSection
	GlobalSection(ExtensibilityGlobals) = postSolution
		SolutionGuid = {F80CE80D-BF09-4CD2-AE62-367B72A76129}
	EndGlobalSection
EndGlobal
